
Microsoft Visual Studio Solution File, Format Version 12.00
# Visual Studio Version 17
VisualStudioVersion = 17.4.33110.190
MinimumVisualStudioVersion = 10.0.40219.1
Project("{FAE04EC0-301F-11D3-BF4B-00C04F79EFBC}") = "AddressBook", "AddressBook\AddressBook.csproj", "{E1960F82-CD4D-4984-BDE3-F59063CA5AFA}"
EndProject
Project("{FAE04EC0-301F-11D3-BF4B-00C04F79EFBC}") = "AddressLibrary", "AddressLibrary\AddressLibrary.csproj", "{E6ABD9E8-698F-4EA2-A33F-1FA6848EE860}"
EndProject
Global
	GlobalSection(SolutionConfigurationPlatforms) = preSolution
		Debug|Any CPU = Debug|Any CPU
		Release|Any CPU = Release|Any CPU
	EndGlobalSection
	GlobalSection(ProjectConfigurationPlatforms) = postSolution
		{E1960F82-CD4D-4984-BDE3-F59063CA5AFA}.Debug|Any CPU.ActiveCfg = Debug|Any CPU
		{E1960F82-CD4D-4984-BDE3-F59063CA5AFA}.Debug|Any CPU.Build.0 = Debug|Any CPU
		{E1960F82-CD4D-4984-BDE3-F59063CA5AFA}.Release|Any CPU.ActiveCfg = Release|Any CPU
		{E1960F82-CD4D-4984-BDE3-F59063CA5AFA}.Release|Any CPU.Build.0 = Release|Any CPU
		{E6ABD9E8-698F-4EA2-A33F-1FA6848EE860}.Debug|Any CPU.ActiveCfg = Debug|Any CPU
		{E6ABD9E8-698F-4EA2-A33F-1FA6848EE860}.Debug|Any CPU.Build.0 = Debug|Any CPU
		{E6ABD9E8-698F-4EA2-A33F-1FA6848EE860}.Release|Any CPU.ActiveCfg = Release|Any CPU
		{E6ABD9E8-698F-4EA2-A33F-1FA6848EE860}.Release|Any CPU.Build.0 = Release|Any CPU
	EndGlobalSection
	GlobalSection(SolutionProperties) = preSolution
		HideSolutionNode = FALSE
	EndGlobalSection
	GlobalSection(ExtensibilityGlobals) = postSolution
		SolutionGuid = {878F4B94-710B-4B14-B0C2-B27553D62F78}
	EndGlobalSection
EndGlobal
